{
	"name": "@markoarthofer22/react-components.global-theme-provider",
	"version": "1.3.0",
	"lockfileVersion": 1,
	"requires": true,
	"dependencies": {
		"emotion-normalize": {
			"version": "11.0.1",
			"resolved": "https://registry.npmjs.org/emotion-normalize/-/emotion-normalize-11.0.1.tgz",
			"integrity": "sha512-68+TdnChNbELbOVtA2oOdSc9W40KPH4dKYdXgk2KfkuGu+qK7glVVO4h5Q+hoAf2JqJfTV55wPeBMPuun+3fVA=="
		}
	}
}
